
Microsoft Visual Studio Solution File, Format Version 12.00
# Visual Studio Version 16
VisualStudioVersion = 16.0.31729.503
MinimumVisualStudioVersion = 10.0.40219.1
Project("{FAE04EC0-301F-11D3-BF4B-00C04F79EFBC}") = "Contratistas", "Contratistas.csproj", "{62E4E467-F07F-4204-8411-48741B9C562B}"
EndProject
Global
	GlobalSection(SolutionConfigurationPlatforms) = preSolution
		Debug|Any CPU = Debug|Any CPU
		Release|Any CPU = Release|Any CPU
	EndGlobalSection
	GlobalSection(ProjectConfigurationPlatforms) = postSolution
		{62E4E467-F07F-4204-8411-48741B9C562B}.Debug|Any CPU.ActiveCfg = Debug|Any CPU
		{62E4E467-F07F-4204-8411-48741B9C562B}.Debug|Any CPU.Build.0 = Debug|Any CPU
		{62E4E467-F07F-4204-8411-48741B9C562B}.Release|Any CPU.ActiveCfg = Release|Any CPU
		{62E4E467-F07F-4204-8411-48741B9C562B}.Release|Any CPU.Build.0 = Release|Any CPU
	EndGlobalSection
	GlobalSection(SolutionProperties) = preSolution
		HideSolutionNode = FALSE
	EndGlobalSection
	GlobalSection(ExtensibilityGlobals) = postSolution
		SolutionGuid = {09D078B9-6605-4320-8C62-820364C20156}
	EndGlobalSection
EndGlobal
